
Microsoft Visual Studio Solution File, Format Version 12.00
# Visual Studio Version 17
VisualStudioVersion = 17.14.36127.28
MinimumVisualStudioVersion = 10.0.40219.1
Project("{FAE04EC0-301F-11D3-BF4B-00C04F79EFBC}") = "NolvusFreeAutoDownloader", "NolvusFreeAutoDownload\NolvusFreeAutoDownloader.csproj", "{C8F239BD-749D-4FF3-9DC6-50013A2FA875}"
EndProject
Global
	GlobalSection(SolutionConfigurationPlatforms) = preSolution
		Debug|Any CPU = Debug|Any CPU
		Release|Any CPU = Release|Any CPU
	EndGlobalSection
	GlobalSection(ProjectConfigurationPlatforms) = postSolution
		{C8F239BD-749D-4FF3-9DC6-50013A2FA875}.Debug|Any CPU.ActiveCfg = Release|Any CPU
		{C8F239BD-749D-4FF3-9DC6-50013A2FA875}.Debug|Any CPU.Build.0 = Release|Any CPU
		{C8F239BD-749D-4FF3-9DC6-50013A2FA875}.Release|Any CPU.ActiveCfg = Release|Any CPU
		{C8F239BD-749D-4FF3-9DC6-50013A2FA875}.Release|Any CPU.Build.0 = Release|Any CPU
	EndGlobalSection
	GlobalSection(SolutionProperties) = preSolution
		HideSolutionNode = FALSE
	EndGlobalSection
	GlobalSection(ExtensibilityGlobals) = postSolution
		SolutionGuid = {74B09680-8E2C-4F01-937B-B8AAA34FA039}
	EndGlobalSection
EndGlobal
